
Microsoft Visual Studio Solution File, Format Version 12.00
# Visual Studio Version 16
VisualStudioVersion = 16.0.30717.126
MinimumVisualStudioVersion = 10.0.40219.1
Project("{FAE04EC0-301F-11D3-BF4B-00C04F79EFBC}") = "AlgorytmGenetyczny", "AlgorytmGenetyczny.csproj", "{486F9532-AB57-4000-9B0A-924FE8ED0733}"
EndProject
Global
	GlobalSection(SolutionConfigurationPlatforms) = preSolution
		Debug|Any CPU = Debug|Any CPU
		Release|Any CPU = Release|Any CPU
	EndGlobalSection
	GlobalSection(ProjectConfigurationPlatforms) = postSolution
		{486F9532-AB57-4000-9B0A-924FE8ED0733}.Debug|Any CPU.ActiveCfg = Debug|Any CPU
		{486F9532-AB57-4000-9B0A-924FE8ED0733}.Debug|Any CPU.Build.0 = Debug|Any CPU
		{486F9532-AB57-4000-9B0A-924FE8ED0733}.Release|Any CPU.ActiveCfg = Release|Any CPU
		{486F9532-AB57-4000-9B0A-924FE8ED0733}.Release|Any CPU.Build.0 = Release|Any CPU
	EndGlobalSection
	GlobalSection(SolutionProperties) = preSolution
		HideSolutionNode = FALSE
	EndGlobalSection
	GlobalSection(ExtensibilityGlobals) = postSolution
		SolutionGuid = {E97110E2-09FA-49FD-9539-27ABFF64D531}
	EndGlobalSection
EndGlobal
